{
  "name": "login-xp-playwright",
  "version": "1.0.0",
  "lockfileVersion": 3,
  "requires": true,
  "packages": {
    "": {
      "name": "login-xp-playwright",
      "version": "1.0.0",
      "license": "MIT",
      "devDependencies": {
        "@playwright/test": "^1.56.1",
        "@types/node": "^24.10.1"
      }
    },
    "node_modules/@playwright/test": {
      "version": "1.56.1",
      "resolved": "https://na.artifactory.swg-devops.com/artifactory/api/npm/wcp-tmp-ace-fr-team-npm-virtual/@playwright/test/-/test-1.56.1.tgz?dl=https%3A%2F%2Fregistry.npmjs.org%2F%40playwright%2Ftest%2F-%2Ftest-1.56.1.tgz",
      "integrity": "sha512-vSMYtL/zOcFpvJCW71Q/OEGQb7KYBPAdKh35WNSkaZA75JlAO8ED8UN6GUNTm3drWomcbcqRPFqQbLae8yBTdg==",
      "dev": true,
      "license": "Apache-2.0",
      "dependencies": {
        "playwright": "1.56.1"
      },
      "bin": {
        "playwright": "cli.js"
      },
      "engines": {
        "node": ">=18"
      }
    },
    "node_modules/@types/node": {
      "version": "24.10.1",
      "resolved": "https://na.artifactory.swg-devops.com/artifactory/api/npm/wcp-tmp-ace-fr-team-npm-virtual/@types/node/-/node-24.10.1.tgz?dl=https%3A%2F%2Fregistry.npmjs.org%2F%40types%2Fnode%2F-%2Fnode-24.10.1.tgz",
      "integrity": "sha512-GNWcUTRBgIRJD5zj+Tq0fKOJ5XZajIiBroOF0yvj2bSU1WvNdYS/dn9UxwsujGW4JX06dnHyjV2y9rRaybH0iQ==",
      "dev": true,
      "license": "MIT",
      "dependencies": {
        "undici-types": "~7.16.0"
      }
    },
    "node_modules/fsevents": {
      "version": "2.3.2",
      "resolved": "https://na.artifactory.swg-devops.com/artifactory/api/npm/wcp-tmp-ace-fr-team-npm-virtual/fsevents/-/fsevents-2.3.2.tgz?dl=https%3A%2F%2Fregistry.npmjs.org%2Ffsevents%2F-%2Ffsevents-2.3.2.tgz",
      "integrity": "sha512-xiqMQR4xAeHTuB9uWm+fFRcIOgKBMiOBP+eXiyT7jsgVCq1bkVygt00oASowB7EdtpOHaaPgKt812P9ab+DDKA==",
      "dev": true,
      "hasInstallScript": true,
      "license": "MIT",
      "optional": true,
      "os": [
        "darwin"
      ],
      "engines": {
        "node": "^8.16.0 || ^10.6.0 || >=11.0.0"
      }
    },
    "node_modules/playwright": {
      "version": "1.56.1",
      "resolved": "https://na.artifactory.swg-devops.com/artifactory/api/npm/wcp-tmp-ace-fr-team-npm-virtual/playwright/-/playwright-1.56.1.tgz?dl=https%3A%2F%2Fregistry.npmjs.org%2Fplaywright%2F-%2Fplaywright-1.56.1.tgz",
      "integrity": "sha512-aFi5B0WovBHTEvpM3DzXTUaeN6eN0qWnTkKx4NQaH4Wvcmc153PdaY2UBdSYKaGYw+UyWXSVyxDUg5DoPEttjw==",
      "dev": true,
      "license": "Apache-2.0",
      "dependencies": {
        "playwright-core": "1.56.1"
      },
      "bin": {
        "playwright": "cli.js"
      },
      "engines": {
        "node": ">=18"
      },
      "optionalDependencies": {
        "fsevents": "2.3.2"
      }
    },
    "node_modules/playwright-core": {
      "version": "1.56.1",
      "resolved": "https://na.artifactory.swg-devops.com/artifactory/api/npm/wcp-tmp-ace-fr-team-npm-virtual/playwright-core/-/playwright-core-1.56.1.tgz?dl=https%3A%2F%2Fregistry.npmjs.org%2Fplaywright-core%2F-%2Fplaywright-core-1.56.1.tgz",
      "integrity": "sha512-hutraynyn31F+Bifme+Ps9Vq59hKuUCz7H1kDOcBs+2oGguKkWTU50bBWrtz34OUWmIwpBTWDxaRPXrIXkgvmQ==",
      "dev": true,
      "license": "Apache-2.0",
      "bin": {
        "playwright-core": "cli.js"
      },
      "engines": {
        "node": ">=18"
      }
    },
    "node_modules/undici-types": {
      "version": "7.16.0",
      "resolved": "https://na.artifactory.swg-devops.com/artifactory/api/npm/wcp-tmp-ace-fr-team-npm-virtual/undici-types/-/undici-types-7.16.0.tgz?dl=https%3A%2F%2Fregistry.npmjs.org%2Fundici-types%2F-%2Fundici-types-7.16.0.tgz",
      "integrity": "sha512-Zz+aZWSj8LE6zoxD+xrjh4VfkIG8Ya6LvYkZqtUQGJPZjYl53ypCaUwWqo7eI0x66KBGeRo+mlBEkMSeSZ38Nw==",
      "dev": true,
      "license": "MIT"
    }
  }
}
